<?xml version="1.0" encoding="utf-8"?>
<Project ToolsVersion="4.0" xmlns="http://schemas.microsoft.com/developer/msbuild/2003">
  <ItemGroup>
    <Filter Include="Source Files">
      <UniqueIdentifier>{4FC737F1-C7A5-4376-A066-2A32D752A2FF}</UniqueIdentifier>
      <Extensions>cpp;c;cc;cxx;def;odl;idl;hpj;bat;asm;asmx</Extensions>
    </Filter>
    <Filter Include="Header Files">
      <UniqueIdentifier>{93995380-89BD-4b04-88EB-625FBE52EBFB}</UniqueIdentifier>
      <Extensions>h;hh;hpp;hxx;hm;inl;inc;ipp;xsd</Extensions>
    </Filter>
    <Filter Include="Resource Files">
      <UniqueIdentifier>{67DA6AB6-F800-4c08-8B7A-83BB121AAD01}</UniqueIdentifier>
      <Extensions>rc;ico;cur;bmp;dlg;rc2;rct;bin;rgs;gif;jpg;jpeg;jpe;resx;tiff;tif;png;wav;mfcribbon-ms</Extensions>
    </Filter>
    <Filter Include="ImageProcessors">
      <UniqueIdentifier>{f79180c9-f145-480a-b031-3cb4f0dd35b9}</UniqueIdentifier>
    </Filter>
    <Filter Include="ImageProcessors\ImageProcessorBase">
      <UniqueIdentifier>{90dc88ce-425b-42f2-b746-455d45d4b7ed}</UniqueIdentifier>
    </Filter>
    <Filter Include="Helpers">
      <UniqueIdentifier>{60cd1c45-fde7-4284-a9c4-3d56335657f3}</UniqueIdentifier>
    </Filter>
    <Filter Include="ImageProcessors\MultiChannelImageProcessor">
      <UniqueIdentifier>{b665bfa5-5f10-4340-bada-a551cae0be7f}</UniqueIdentifier>
    </Filter>
    <Filter Include="ImageProcessors\LBPImageProcessor">
      <UniqueIdentifier>{2e425109-7979-415c-9f4f-932ea6b0de7c}</UniqueIdentifier>
    </Filter>
    <Filter Include="Classifier">
      <UniqueIdentifier>{127af1f1-0c0d-42ab-85da-596c65f11ca7}</UniqueIdentifier>
    </Filter>
    <Filter Include="ImageProcessors\SiftImageProcessor">
      <UniqueIdentifier>{8f4b3a05-3335-4eb4-a3a4-2f7b2be48243}</UniqueIdentifier>
    </Filter>
    <Filter Include="ImageProcessors\BOWImageProcessor">
      <UniqueIdentifier>{69f059f7-6929-4325-89ac-148a39108cf4}</UniqueIdentifier>
    </Filter>
  </ItemGroup>
  <ItemGroup>
    <ClCompile Include="main.cpp">
      <Filter>Source Files</Filter>
    </ClCompile>
    <ClCompile Include="ImageProcessors\ImageProcessorBase\ImageProcessorBase.cpp">
      <Filter>ImageProcessors\ImageProcessorBase</Filter>
    </ClCompile>
    <ClCompile Include="Helpers\ImageDataManager.cpp">
      <Filter>Helpers</Filter>
    </ClCompile>
    <ClCompile Include="ImageProcessors\MultiChannelImageProcessor\MultiChannelImageProcessor.cpp">
      <Filter>ImageProcessors\MultiChannelImageProcessor</Filter>
    </ClCompile>
    <ClCompile Include="ImageProcessors\LBPImageProcessor\LBPImageProcessor.cpp">
      <Filter>ImageProcessors\LBPImageProcessor</Filter>
    </ClCompile>
    <ClCompile Include="SVMClassifier\Classifier.cpp">
      <Filter>Classifier</Filter>
    </ClCompile>
    <ClCompile Include="ImageProcessors\SiftImageProcessor\SiftImageProcessor.cpp">
      <Filter>ImageProcessors\SiftImageProcessor</Filter>
    </ClCompile>
    <ClCompile Include="ImageProcessors\BOWImageProcessor\BOWImageProcessor.cpp">
      <Filter>ImageProcessors\BOWImageProcessor</Filter>
    </ClCompile>
  </ItemGroup>
  <ItemGroup>
    <ClInclude Include="Helpers\ImageDataManager.h">
      <Filter>Helpers</Filter>
    </ClInclude>
    <ClInclude Include="ImageProcessors\ImageProcessorBase\ImageProcessorBase.h">
      <Filter>ImageProcessors\ImageProcessorBase</Filter>
    </ClInclude>
    <ClInclude Include="ImageProcessors\MultiChannelImageProcessor\MultiChannelImageProcessor.h">
      <Filter>ImageProcessors\MultiChannelImageProcessor</Filter>
    </ClInclude>
    <ClInclude Include="ImageProcessors\LBPImageProcessor\LBPImageProcessor.h">
      <Filter>ImageProcessors\LBPImageProcessor</Filter>
    </ClInclude>
    <ClInclude Include="SVMClassifier\Classifier.h">
      <Filter>Classifier</Filter>
    </ClInclude>
    <ClInclude Include="ImageProcessors\BOWImageProcessor\BOWImageProcessor.h">
      <Filter>ImageProcessors\BOWImageProcessor</Filter>
    </ClInclude>
    <ClInclude Include="ImageProcessors\SiftImageProcessor\SiftImageProcessor.h">
      <Filter>ImageProcessors\SiftImageProcessor</Filter>
    </ClInclude>
    <ClInclude Include="Helpers\HelperStructs.h">
      <Filter>Helpers</Filter>
    </ClInclude>
  </ItemGroup>
</Project>